// !$*UTF8*$!
{
	archiveVersion = 1;
	classes = {
	};
	objectVersion = 60;
	objects = {

/* Begin PBXBuildFile section */
		A10000000000000000000001 /* BudgetSnapApp.swift in Sources */ = {isa = PBXBuildFile; fileRef = A10000000000000000000011 /* BudgetSnapApp.swift */; };
		A10000000000000000000002 /* ContentView.swift in Sources */ = {isa = PBXBuildFile; fileRef = A10000000000000000000012 /* ContentView.swift */; };
		A10000000000000000000003 /* Models.swift in Sources */ = {isa = PBXBuildFile; fileRef = A10000000000000000000013 /* Models.swift */; };
		A10000000000000000000004 /* AppState.swift in Sources */ = {isa = PBXBuildFile; fileRef = A10000000000000000000014 /* AppState.swift */; };
		A10000000000000000000005 /* AddTransactionView.swift in Sources */ = {isa = PBXBuildFile; fileRef = A10000000000000000000015 /* AddTransactionView.swift */; };
		A10000000000000000000006 /* Components.swift in Sources */ = {isa = PBXBuildFile; fileRef = A10000000000000000000016 /* Components.swift */; };
		A10000000000000000000007 /* AppIcon60x60@2x.png in Resources */ = {isa = PBXBuildFile; fileRef = A10000000000000000000017 /* AppIcon60x60@2x.png */; };
		A10000000000000000000008 /* AddListView.swift in Sources */ = {isa = PBXBuildFile; fileRef = A10000000000000000000018 /* AddListView.swift */; };
		A10000000000000000000009 /* SettingsView.swift in Sources */ = {isa = PBXBuildFile; fileRef = A10000000000000000000019 /* SettingsView.swift */; };
		A1000000000000000000000A /* TagChartView.swift in Sources */ = {isa = PBXBuildFile; fileRef = A1000000000000000000001A /* TagChartView.swift */; };
		A1000000000000000000000B /* AppIcon60x60@3x.png in Resources */ = {isa = PBXBuildFile; fileRef = A1000000000000000000001B /* AppIcon60x60@3x.png */; };
		A1000000000000000000000C /* AppIconMint60x60@2x.png in Resources */ = {isa = PBXBuildFile; fileRef = A1000000000000000000001C /* AppIconMint60x60@2x.png */; };
		A1000000000000000000000D /* AppIconMint60x60@3x.png in Resources */ = {isa = PBXBuildFile; fileRef = A1000000000000000000001D /* AppIconMint60x60@3x.png */; };
		A1000000000000000000000E /* AppIconGraphite60x60@2x.png in Resources */ = {isa = PBXBuildFile; fileRef = A1000000000000000000001E /* AppIconGraphite60x60@2x.png */; };
		A1000000000000000000000F /* AppIconGraphite60x60@3x.png in Resources */ = {isa = PBXBuildFile; fileRef = A1000000000000000000001F /* AppIconGraphite60x60@3x.png */; };
		A10000000000000000000021 /* AppIconSunset60x60@2x.png in Resources */ = {isa = PBXBuildFile; fileRef = A10000000000000000000022 /* AppIconSunset60x60@2x.png */; };
		A10000000000000000000023 /* AppIconSunset60x60@3x.png in Resources */ = {isa = PBXBuildFile; fileRef = A10000000000000000000024 /* AppIconSunset60x60@3x.png */; };
		A100000000000000000000A1 /* AppIconBlueDark60x60@2x.png in Resources */ = {isa = PBXBuildFile; fileRef = A100000000000000000000B1 /* AppIconBlueDark60x60@2x.png */; };
		A100000000000000000000A2 /* AppIconBlueDark60x60@3x.png in Resources */ = {isa = PBXBuildFile; fileRef = A100000000000000000000B2 /* AppIconBlueDark60x60@3x.png */; };
		A100000000000000000000A3 /* AppIconMintDark60x60@2x.png in Resources */ = {isa = PBXBuildFile; fileRef = A100000000000000000000B3 /* AppIconMintDark60x60@2x.png */; };
		A100000000000000000000A4 /* AppIconMintDark60x60@3x.png in Resources */ = {isa = PBXBuildFile; fileRef = A100000000000000000000B4 /* AppIconMintDark60x60@3x.png */; };
		A100000000000000000000A5 /* AppIconGraphiteDark60x60@2x.png in Resources */ = {isa = PBXBuildFile; fileRef = A100000000000000000000B5 /* AppIconGraphiteDark60x60@2x.png */; };
		A100000000000000000000A6 /* AppIconGraphiteDark60x60@3x.png in Resources */ = {isa = PBXBuildFile; fileRef = A100000000000000000000B6 /* AppIconGraphiteDark60x60@3x.png */; };
		A100000000000000000000A7 /* AppIconSunsetDark60x60@2x.png in Resources */ = {isa = PBXBuildFile; fileRef = A100000000000000000000B7 /* AppIconSunsetDark60x60@2x.png */; };
		A100000000000000000000A8 /* AppIconSunsetDark60x60@3x.png in Resources */ = {isa = PBXBuildFile; fileRef = A100000000000000000000B8 /* AppIconSunsetDark60x60@3x.png */; };
		A100000000000000000000A9 /* Assets.xcassets in Resources */ = {isa = PBXBuildFile; fileRef = A10000000000000000000025 /* Assets.xcassets */; };
/* End PBXBuildFile section */

/* Begin PBXFileReference section */
		A10000000000000000000010 /* BudgetSnap.app */ = {isa = PBXFileReference; explicitFileType = wrapper.application; includeInIndex = 0; path = BudgetSnap.app; sourceTree = BUILT_PRODUCTS_DIR; };
		A10000000000000000000011 /* BudgetSnapApp.swift */ = {isa = PBXFileReference; lastKnownFileType = sourcecode.swift; path = BudgetSnapApp.swift; sourceTree = "<group>"; };
		A10000000000000000000012 /* ContentView.swift */ = {isa = PBXFileReference; lastKnownFileType = sourcecode.swift; path = ContentView.swift; sourceTree = "<group>"; };
		A10000000000000000000013 /* Models.swift */ = {isa = PBXFileReference; lastKnownFileType = sourcecode.swift; path = Models.swift; sourceTree = "<group>"; };
		A10000000000000000000014 /* AppState.swift */ = {isa = PBXFileReference; lastKnownFileType = sourcecode.swift; path = AppState.swift; sourceTree = "<group>"; };
		A10000000000000000000015 /* AddTransactionView.swift */ = {isa = PBXFileReference; lastKnownFileType = sourcecode.swift; path = AddTransactionView.swift; sourceTree = "<group>"; };
		A10000000000000000000016 /* Components.swift */ = {isa = PBXFileReference; lastKnownFileType = sourcecode.swift; path = Components.swift; sourceTree = "<group>"; };
		A10000000000000000000017 /* AppIcon60x60@2x.png */ = {isa = PBXFileReference; lastKnownFileType = image.png; path = "AppIcon60x60@2x.png"; sourceTree = "<group>"; };
		A10000000000000000000018 /* AddListView.swift */ = {isa = PBXFileReference; lastKnownFileType = sourcecode.swift; path = AddListView.swift; sourceTree = "<group>"; };
		A10000000000000000000019 /* SettingsView.swift */ = {isa = PBXFileReference; lastKnownFileType = sourcecode.swift; path = SettingsView.swift; sourceTree = "<group>"; };
		A1000000000000000000001A /* TagChartView.swift */ = {isa = PBXFileReference; lastKnownFileType = sourcecode.swift; path = TagChartView.swift; sourceTree = "<group>"; };
		A1000000000000000000001B /* AppIcon60x60@3x.png */ = {isa = PBXFileReference; lastKnownFileType = image.png; path = "AppIcon60x60@3x.png"; sourceTree = "<group>"; };
		A1000000000000000000001C /* AppIconMint60x60@2x.png */ = {isa = PBXFileReference; lastKnownFileType = image.png; path = "AppIconMint60x60@2x.png"; sourceTree = "<group>"; };
		A1000000000000000000001D /* AppIconMint60x60@3x.png */ = {isa = PBXFileReference; lastKnownFileType = image.png; path = "AppIconMint60x60@3x.png"; sourceTree = "<group>"; };
		A1000000000000000000001E /* AppIconGraphite60x60@2x.png */ = {isa = PBXFileReference; lastKnownFileType = image.png; path = "AppIconGraphite60x60@2x.png"; sourceTree = "<group>"; };
		A1000000000000000000001F /* AppIconGraphite60x60@3x.png */ = {isa = PBXFileReference; lastKnownFileType = image.png; path = "AppIconGraphite60x60@3x.png"; sourceTree = "<group>"; };
		A10000000000000000000022 /* AppIconSunset60x60@2x.png */ = {isa = PBXFileReference; lastKnownFileType = image.png; path = "AppIconSunset60x60@2x.png"; sourceTree = "<group>"; };
		A10000000000000000000024 /* AppIconSunset60x60@3x.png */ = {isa = PBXFileReference; lastKnownFileType = image.png; path = "AppIconSunset60x60@3x.png"; sourceTree = "<group>"; };
		A10000000000000000000025 /* Assets.xcassets */ = {isa = PBXFileReference; lastKnownFileType = folder.assetcatalog; path = Assets.xcassets; sourceTree = "<group>"; };
		A10000000000000000000026 /* Info.plist */ = {isa = PBXFileReference; lastKnownFileType = text.plist.xml; path = Info.plist; sourceTree = "<group>"; };
		A100000000000000000000B1 /* AppIconBlueDark60x60@2x.png */ = {isa = PBXFileReference; lastKnownFileType = image.png; path = "AppIconBlueDark60x60@2x.png"; sourceTree = "<group>"; };
		A100000000000000000000B2 /* AppIconBlueDark60x60@3x.png */ = {isa = PBXFileReference; lastKnownFileType = image.png; path = "AppIconBlueDark60x60@3x.png"; sourceTree = "<group>"; };
		A100000000000000000000B3 /* AppIconMintDark60x60@2x.png */ = {isa = PBXFileReference; lastKnownFileType = image.png; path = "AppIconMintDark60x60@2x.png"; sourceTree = "<group>"; };
		A100000000000000000000B4 /* AppIconMintDark60x60@3x.png */ = {isa = PBXFileReference; lastKnownFileType = image.png; path = "AppIconMintDark60x60@3x.png"; sourceTree = "<group>"; };
		A100000000000000000000B5 /* AppIconGraphiteDark60x60@2x.png */ = {isa = PBXFileReference; lastKnownFileType = image.png; path = "AppIconGraphiteDark60x60@2x.png"; sourceTree = "<group>"; };
		A100000000000000000000B6 /* AppIconGraphiteDark60x60@3x.png */ = {isa = PBXFileReference; lastKnownFileType = image.png; path = "AppIconGraphiteDark60x60@3x.png"; sourceTree = "<group>"; };
		A100000000000000000000B7 /* AppIconSunsetDark60x60@2x.png */ = {isa = PBXFileReference; lastKnownFileType = image.png; path = "AppIconSunsetDark60x60@2x.png"; sourceTree = "<group>"; };
		A100000000000000000000B8 /* AppIconSunsetDark60x60@3x.png */ = {isa = PBXFileReference; lastKnownFileType = image.png; path = "AppIconSunsetDark60x60@3x.png"; sourceTree = "<group>"; };
/* End PBXFileReference section */

/* Begin PBXFrameworksBuildPhase section */
		A10000000000000000000020 /* Frameworks */ = {
			isa = PBXFrameworksBuildPhase;
			buildActionMask = 2147483647;
			files = (
			);
			runOnlyForDeploymentPostprocessing = 0;
		};
/* End PBXFrameworksBuildPhase section */

/* Begin PBXGroup section */
		A10000000000000000000030 = {
			isa = PBXGroup;
			children = (
				A10000000000000000000031 /* BudgetSnap */,
				A10000000000000000000032 /* Products */,
			);
			sourceTree = "<group>";
		};
		A10000000000000000000031 /* BudgetSnap */ = {
			isa = PBXGroup;
			children = (
				A10000000000000000000011 /* BudgetSnapApp.swift */,
				A10000000000000000000012 /* ContentView.swift */,
				A10000000000000000000013 /* Models.swift */,
				A10000000000000000000014 /* AppState.swift */,
				A10000000000000000000015 /* AddTransactionView.swift */,
				A10000000000000000000018 /* AddListView.swift */,
				A10000000000000000000019 /* SettingsView.swift */,
				A1000000000000000000001A /* TagChartView.swift */,
				A10000000000000000000016 /* Components.swift */,
				A10000000000000000000033 /* IconFiles */,
				A10000000000000000000025 /* Assets.xcassets */,
				A10000000000000000000026 /* Info.plist */,
			);
			path = BudgetSnap;
			sourceTree = "<group>";
		};
		A10000000000000000000032 /* Products */ = {
			isa = PBXGroup;
			children = (
				A10000000000000000000010 /* BudgetSnap.app */,
			);
			name = Products;
			sourceTree = "<group>";
		};
		A10000000000000000000033 /* IconFiles */ = {
			isa = PBXGroup;
			children = (
				A10000000000000000000017 /* AppIcon60x60@2x.png */,
				A1000000000000000000001B /* AppIcon60x60@3x.png */,
				A100000000000000000000B1 /* AppIconBlueDark60x60@2x.png */,
				A100000000000000000000B2 /* AppIconBlueDark60x60@3x.png */,
				A1000000000000000000001C /* AppIconMint60x60@2x.png */,
				A1000000000000000000001D /* AppIconMint60x60@3x.png */,
				A100000000000000000000B3 /* AppIconMintDark60x60@2x.png */,
				A100000000000000000000B4 /* AppIconMintDark60x60@3x.png */,
				A1000000000000000000001E /* AppIconGraphite60x60@2x.png */,
				A1000000000000000000001F /* AppIconGraphite60x60@3x.png */,
				A100000000000000000000B5 /* AppIconGraphiteDark60x60@2x.png */,
				A100000000000000000000B6 /* AppIconGraphiteDark60x60@3x.png */,
				A10000000000000000000022 /* AppIconSunset60x60@2x.png */,
				A10000000000000000000024 /* AppIconSunset60x60@3x.png */,
				A100000000000000000000B7 /* AppIconSunsetDark60x60@2x.png */,
				A100000000000000000000B8 /* AppIconSunsetDark60x60@3x.png */,
			);
			path = IconFiles;
			sourceTree = "<group>";
		};
/* End PBXGroup section */

/* Begin PBXNativeTarget section */
		A10000000000000000000040 /* BudgetSnap */ = {
			isa = PBXNativeTarget;
			buildConfigurationList = A10000000000000000000070 /* Build configuration list for PBXNativeTarget "BudgetSnap" */;
			buildPhases = (
				A10000000000000000000050 /* Sources */,
				A10000000000000000000020 /* Frameworks */,
				A10000000000000000000060 /* Resources */,
			);
			buildRules = (
			);
			dependencies = (
			);
			name = BudgetSnap;
			productName = BudgetSnap;
			productReference = A10000000000000000000010 /* BudgetSnap.app */;
			productType = "com.apple.product-type.application";
		};
/* End PBXNativeTarget section */

/* Begin PBXProject section */
		A10000000000000000000041 /* Project object */ = {
			isa = PBXProject;
			attributes = {
				BuildIndependentTargetsInParallel = 1;
				LastSwiftUpdateCheck = 2650;
				LastUpgradeCheck = 2650;
				TargetAttributes = {
					A10000000000000000000040 = {
						CreatedOnToolsVersion = 26.5;
					};
				};
			};
			buildConfigurationList = A10000000000000000000071 /* Build configuration list for PBXProject "BudgetSnap" */;
			compatibilityVersion = "Xcode 15.0";
			developmentRegion = en;
			hasScannedForEncodings = 0;
			knownRegions = (
				en,
				Base,
			);
			mainGroup = A10000000000000000000030;
			productRefGroup = A10000000000000000000032 /* Products */;
			projectDirPath = "";
			projectRoot = "";
			targets = (
				A10000000000000000000040 /* BudgetSnap */,
			);
		};
/* End PBXProject section */

/* Begin PBXResourcesBuildPhase section */
		A10000000000000000000060 /* Resources */ = {
			isa = PBXResourcesBuildPhase;
			buildActionMask = 2147483647;
			files = (
				A10000000000000000000007 /* AppIcon60x60@2x.png in Resources */,
				A1000000000000000000000B /* AppIcon60x60@3x.png in Resources */,
				A100000000000000000000A1 /* AppIconBlueDark60x60@2x.png in Resources */,
				A100000000000000000000A2 /* AppIconBlueDark60x60@3x.png in Resources */,
				A1000000000000000000000C /* AppIconMint60x60@2x.png in Resources */,
				A1000000000000000000000D /* AppIconMint60x60@3x.png in Resources */,
				A100000000000000000000A3 /* AppIconMintDark60x60@2x.png in Resources */,
				A100000000000000000000A4 /* AppIconMintDark60x60@3x.png in Resources */,
				A1000000000000000000000E /* AppIconGraphite60x60@2x.png in Resources */,
				A1000000000000000000000F /* AppIconGraphite60x60@3x.png in Resources */,
				A100000000000000000000A5 /* AppIconGraphiteDark60x60@2x.png in Resources */,
				A100000000000000000000A6 /* AppIconGraphiteDark60x60@3x.png in Resources */,
				A10000000000000000000021 /* AppIconSunset60x60@2x.png in Resources */,
				A10000000000000000000023 /* AppIconSunset60x60@3x.png in Resources */,
				A100000000000000000000A7 /* AppIconSunsetDark60x60@2x.png in Resources */,
				A100000000000000000000A8 /* AppIconSunsetDark60x60@3x.png in Resources */,
				A100000000000000000000A9 /* Assets.xcassets in Resources */,
			);
			runOnlyForDeploymentPostprocessing = 0;
		};
/* End PBXResourcesBuildPhase section */

/* Begin PBXSourcesBuildPhase section */
		A10000000000000000000050 /* Sources */ = {
			isa = PBXSourcesBuildPhase;
			buildActionMask = 2147483647;
			files = (
				A10000000000000000000001 /* BudgetSnapApp.swift in Sources */,
				A10000000000000000000002 /* ContentView.swift in Sources */,
				A10000000000000000000003 /* Models.swift in Sources */,
				A10000000000000000000004 /* AppState.swift in Sources */,
				A10000000000000000000005 /* AddTransactionView.swift in Sources */,
				A10000000000000000000008 /* AddListView.swift in Sources */,
				A10000000000000000000009 /* SettingsView.swift in Sources */,
				A1000000000000000000000A /* TagChartView.swift in Sources */,
				A10000000000000000000006 /* Components.swift in Sources */,
			);
			runOnlyForDeploymentPostprocessing = 0;
		};
/* End PBXSourcesBuildPhase section */

/* Begin XCBuildConfiguration section */
		A10000000000000000000080 /* Debug */ = {
			isa = XCBuildConfiguration;
			buildSettings = {
				ASSETCATALOG_COMPILER_ALTERNATE_APPICON_NAMES = "AppIconMint AppIconGraphite AppIconSunset AppIconBlueDark AppIconMintDark AppIconGraphiteDark AppIconSunsetDark";
				ASSETCATALOG_COMPILER_APPICON_NAME = AppIcon;
				ASSETCATALOG_COMPILER_INCLUDE_ALL_APPICON_ASSETS = YES;
				CODE_SIGN_STYLE = Automatic;
				CURRENT_PROJECT_VERSION = 1;
				DEVELOPMENT_TEAM = N3UTJD23J6;
				ENABLE_ON_DEMAND_RESOURCES = NO;
				GENERATE_INFOPLIST_FILE = NO;
				INFOPLIST_ENABLE_CFBUNDLEICONS_MERGE = YES;
				INFOPLIST_FILE = BudgetSnap/Info.plist;
				INFOPLIST_KEY_CFBundleDisplayName = "Budget Stack";
				INFOPLIST_KEY_LSApplicationCategoryType = "public.app-category.finance";
				INFOPLIST_KEY_UIApplicationSceneManifest_Generation = YES;
				INFOPLIST_KEY_UIApplicationSupportsIndirectInputEvents = YES;
				INFOPLIST_KEY_UILaunchScreen_Generation = YES;
				INFOPLIST_KEY_UISupportedInterfaceOrientations_iPad = "UIInterfaceOrientationPortrait UIInterfaceOrientationPortraitUpsideDown UIInterfaceOrientationLandscapeLeft UIInterfaceOrientationLandscapeRight";
				INFOPLIST_KEY_UISupportedInterfaceOrientations_iPhone = "UIInterfaceOrientationPortrait UIInterfaceOrientationLandscapeLeft UIInterfaceOrientationLandscapeRight";
				IPHONEOS_DEPLOYMENT_TARGET = 17.0;
				MARKETING_VERSION = 1.0;
				PRODUCT_BUNDLE_IDENTIFIER = com.BudgetSnap;
				PRODUCT_NAME = "$(TARGET_NAME)";
				SWIFT_EMIT_LOC_STRINGS = YES;
				SWIFT_VERSION = 5.0;
				SUPPORTS_MAC_DESIGNED_FOR_IPHONE_IPAD = NO;
				SUPPORTS_XR_DESIGNED_FOR_IPHONE_IPAD = NO;
				TARGETED_DEVICE_FAMILY = 1;
			};
			name = Debug;
		};
		A10000000000000000000081 /* Release */ = {
			isa = XCBuildConfiguration;
			buildSettings = {
				ASSETCATALOG_COMPILER_ALTERNATE_APPICON_NAMES = "AppIconMint AppIconGraphite AppIconSunset AppIconBlueDark AppIconMintDark AppIconGraphiteDark AppIconSunsetDark";
				ASSETCATALOG_COMPILER_APPICON_NAME = AppIcon;
				ASSETCATALOG_COMPILER_INCLUDE_ALL_APPICON_ASSETS = YES;
				CODE_SIGN_STYLE = Automatic;
				CURRENT_PROJECT_VERSION = 1;
				DEVELOPMENT_TEAM = N3UTJD23J6;
				ENABLE_ON_DEMAND_RESOURCES = NO;
				GENERATE_INFOPLIST_FILE = NO;
				INFOPLIST_ENABLE_CFBUNDLEICONS_MERGE = YES;
				INFOPLIST_FILE = BudgetSnap/Info.plist;
				INFOPLIST_KEY_CFBundleDisplayName = "Budget Stack";
				INFOPLIST_KEY_LSApplicationCategoryType = "public.app-category.finance";
				INFOPLIST_KEY_UIApplicationSceneManifest_Generation = YES;
				INFOPLIST_KEY_UIApplicationSupportsIndirectInputEvents = YES;
				INFOPLIST_KEY_UILaunchScreen_Generation = YES;
				INFOPLIST_KEY_UISupportedInterfaceOrientations_iPad = "UIInterfaceOrientationPortrait UIInterfaceOrientationPortraitUpsideDown UIInterfaceOrientationLandscapeLeft UIInterfaceOrientationLandscapeRight";
				INFOPLIST_KEY_UISupportedInterfaceOrientations_iPhone = "UIInterfaceOrientationPortrait UIInterfaceOrientationLandscapeLeft UIInterfaceOrientationLandscapeRight";
				IPHONEOS_DEPLOYMENT_TARGET = 17.0;
				MARKETING_VERSION = 1.0;
				PRODUCT_BUNDLE_IDENTIFIER = com.BudgetSnap;
				PRODUCT_NAME = "$(TARGET_NAME)";
				SWIFT_EMIT_LOC_STRINGS = YES;
				SWIFT_VERSION = 5.0;
				SUPPORTS_MAC_DESIGNED_FOR_IPHONE_IPAD = NO;
				SUPPORTS_XR_DESIGNED_FOR_IPHONE_IPAD = NO;
				TARGETED_DEVICE_FAMILY = 1;
			};
			name = Release;
		};
		A10000000000000000000082 /* Debug */ = {
			isa = XCBuildConfiguration;
			buildSettings = {
				ALWAYS_SEARCH_USER_PATHS = NO;
				CLANG_ANALYZER_NONNULL = YES;
				CLANG_ANALYZER_NUMBER_OBJECT_CONVERSION = YES_AGGRESSIVE;
				CLANG_CXX_LANGUAGE_STANDARD = "gnu++20";
				CLANG_ENABLE_MODULES = YES;
				CLANG_ENABLE_OBJC_ARC = YES;
				CLANG_ENABLE_OBJC_WEAK = YES;
				CLANG_WARN_BLOCK_CAPTURE_AUTORELEASING = YES;
				CLANG_WARN_BOOL_CONVERSION = YES;
				CLANG_WARN_COMMA = YES;
				CLANG_WARN_CONSTANT_CONVERSION = YES;
				CLANG_WARN_DEPRECATED_OBJC_IMPLEMENTATIONS = YES;
				CLANG_WARN_DIRECT_OBJC_ISA_USAGE = YES_ERROR;
				CLANG_WARN_DOCUMENTATION_COMMENTS = YES;
				CLANG_WARN_EMPTY_BODY = YES;
				CLANG_WARN_ENUM_CONVERSION = YES;
				CLANG_WARN_INFINITE_RECURSION = YES;
				CLANG_WARN_INT_CONVERSION = YES;
				CLANG_WARN_NON_LITERAL_NULL_CONVERSION = YES;
				CLANG_WARN_OBJC_IMPLICIT_RETAIN_SELF = YES;
				CLANG_WARN_OBJC_LITERAL_CONVERSION = YES;
				CLANG_WARN_OBJC_ROOT_CLASS = YES_ERROR;
				CLANG_WARN_QUOTED_INCLUDE_IN_FRAMEWORK_HEADER = YES;
				CLANG_WARN_RANGE_LOOP_ANALYSIS = YES;
				CLANG_WARN_STRICT_PROTOTYPES = YES;
				CLANG_WARN_SUSPICIOUS_MOVE = YES;
				CLANG_WARN_UNGUARDED_AVAILABILITY = YES_AGGRESSIVE;
				CLANG_WARN_UNREACHABLE_CODE = YES;
				CLANG_WARN__DUPLICATE_METHOD_MATCH = YES;
				COPY_PHASE_STRIP = NO;
				DEBUG_INFORMATION_FORMAT = dwarf;
				ENABLE_STRICT_OBJC_MSGSEND = YES;
				ENABLE_TESTABILITY = YES;
				GCC_C_LANGUAGE_STANDARD = gnu17;
				GCC_DYNAMIC_NO_PIC = NO;
				GCC_NO_COMMON_BLOCKS = YES;
				GCC_OPTIMIZATION_LEVEL = 0;
				GCC_PREPROCESSOR_DEFINITIONS = (
					"DEBUG=1",
					"$(inherited)",
				);
				GCC_WARN_64_TO_32_BIT_CONVERSION = YES;
				GCC_WARN_ABOUT_RETURN_TYPE = YES_ERROR;
				GCC_WARN_UNDECLARED_SELECTOR = YES;
				GCC_WARN_UNINITIALIZED_AUTOS = YES_AGGRESSIVE;
				GCC_WARN_UNUSED_FUNCTION = YES;
				GCC_WARN_UNUSED_VARIABLE = YES;
				LOCALIZATION_PREFERS_STRING_CATALOGS = YES;
				MTL_ENABLE_DEBUG_INFO = INCLUDE_SOURCE;
				MTL_FAST_MATH = YES;
				ONLY_ACTIVE_ARCH = YES;
				SDKROOT = iphoneos;
				SWIFT_ACTIVE_COMPILATION_CONDITIONS = DEBUG;
			};
			name = Debug;
		};
		A10000000000000000000083 /* Release */ = {
			isa = XCBuildConfiguration;
			buildSettings = {
				ALWAYS_SEARCH_USER_PATHS = NO;
				CLANG_ANALYZER_NONNULL = YES;
				CLANG_ANALYZER_NUMBER_OBJECT_CONVERSION = YES_AGGRESSIVE;
				CLANG_CXX_LANGUAGE_STANDARD = "gnu++20";
				CLANG_ENABLE_MODULES = YES;
				CLANG_ENABLE_OBJC_ARC = YES;
				CLANG_ENABLE_OBJC_WEAK = YES;
				CLANG_WARN_BLOCK_CAPTURE_AUTORELEASING = YES;
				CLANG_WARN_BOOL_CONVERSION = YES;
				CLANG_WARN_COMMA = YES;
				CLANG_WARN_CONSTANT_CONVERSION = YES;
				CLANG_WARN_DEPRECATED_OBJC_IMPLEMENTATIONS = YES;
				CLANG_WARN_DIRECT_OBJC_ISA_USAGE = YES_ERROR;
				CLANG_WARN_DOCUMENTATION_COMMENTS = YES;
				CLANG_WARN_EMPTY_BODY = YES;
				CLANG_WARN_ENUM_CONVERSION = YES;
				CLANG_WARN_INFINITE_RECURSION = YES;
				CLANG_WARN_INT_CONVERSION = YES;
				CLANG_WARN_NON_LITERAL_NULL_CONVERSION = YES;
				CLANG_WARN_OBJC_IMPLICIT_RETAIN_SELF = YES;
				CLANG_WARN_OBJC_LITERAL_CONVERSION = YES;
				CLANG_WARN_OBJC_ROOT_CLASS = YES_ERROR;
				CLANG_WARN_QUOTED_INCLUDE_IN_FRAMEWORK_HEADER = YES;
				CLANG_WARN_RANGE_LOOP_ANALYSIS = YES;
				CLANG_WARN_STRICT_PROTOTYPES = YES;
				CLANG_WARN_SUSPICIOUS_MOVE = YES;
				CLANG_WARN_UNGUARDED_AVAILABILITY = YES_AGGRESSIVE;
				CLANG_WARN_UNREACHABLE_CODE = YES;
				CLANG_WARN__DUPLICATE_METHOD_MATCH = YES;
				COPY_PHASE_STRIP = NO;
				DEBUG_INFORMATION_FORMAT = "dwarf-with-dsym";
				ENABLE_NS_ASSERTIONS = NO;
				ENABLE_STRICT_OBJC_MSGSEND = YES;
				GCC_C_LANGUAGE_STANDARD = gnu17;
				GCC_NO_COMMON_BLOCKS = YES;
				GCC_WARN_64_TO_32_BIT_CONVERSION = YES;
				GCC_WARN_ABOUT_RETURN_TYPE = YES_ERROR;
				GCC_WARN_UNDECLARED_SELECTOR = YES;
				GCC_WARN_UNINITIALIZED_AUTOS = YES_AGGRESSIVE;
				GCC_WARN_UNUSED_FUNCTION = YES;
				GCC_WARN_UNUSED_VARIABLE = YES;
				LOCALIZATION_PREFERS_STRING_CATALOGS = YES;
				MTL_ENABLE_DEBUG_INFO = NO;
				MTL_FAST_MATH = YES;
				SDKROOT = iphoneos;
				SWIFT_COMPILATION_MODE = wholemodule;
				VALIDATE_PRODUCT = YES;
			};
			name = Release;
		};
/* End XCBuildConfiguration section */

/* Begin XCConfigurationList section */
		A10000000000000000000070 /* Build configuration list for PBXNativeTarget "BudgetSnap" */ = {
			isa = XCConfigurationList;
			buildConfigurations = (
				A10000000000000000000080 /* Debug */,
				A10000000000000000000081 /* Release */,
			);
			defaultConfigurationIsVisible = 0;
			defaultConfigurationName = Release;
		};
		A10000000000000000000071 /* Build configuration list for PBXProject "BudgetSnap" */ = {
			isa = XCConfigurationList;
			buildConfigurations = (
				A10000000000000000000082 /* Debug */,
				A10000000000000000000083 /* Release */,
			);
			defaultConfigurationIsVisible = 0;
			defaultConfigurationName = Release;
		};
/* End XCConfigurationList section */
	};
	rootObject = A10000000000000000000041 /* Project object */;
}
